
Microsoft Visual Studio Solution File, Format Version 12.00
# Visual Studio 15
VisualStudioVersion = 15.0.26228.4
MinimumVisualStudioVersion = 10.0.40219.1
Project("{8BC9CEB8-8B4A-11D0-8D11-00A0C91BC942}") = "opencvtest", "opencvtest\opencvtest.vcxproj", "{2BBE25EA-B328-4C67-BE8A-78D8AA710D4E}"
EndProject
Project("{8BC9CEB8-8B4A-11D0-8D11-00A0C91BC942}") = "videotest", "videotest\videotest.vcxproj", "{8B57E6E5-5F29-4D24-BC24-8046E981D0FE}"
EndProject
Project("{8BC9CEB8-8B4A-11D0-8D11-00A0C91BC942}") = "adcv", "adcv\adcv.vcxproj", "{034D3167-4FA2-4801-BE0E-7034EBF42B4E}"
EndProject
Global
	GlobalSection(SolutionConfigurationPlatforms) = preSolution
		Debug|x64 = Debug|x64
		Debug|x86 = Debug|x86
		Release|x64 = Release|x64
		Release|x86 = Release|x86
	EndGlobalSection
	GlobalSection(ProjectConfigurationPlatforms) = postSolution
		{2BBE25EA-B328-4C67-BE8A-78D8AA710D4E}.Debug|x64.ActiveCfg = Debug|x64
		{2BBE25EA-B328-4C67-BE8A-78D8AA710D4E}.Debug|x64.Build.0 = Debug|x64
		{2BBE25EA-B328-4C67-BE8A-78D8AA710D4E}.Debug|x86.ActiveCfg = Debug|Win32
		{2BBE25EA-B328-4C67-BE8A-78D8AA710D4E}.Debug|x86.Build.0 = Debug|Win32
		{2BBE25EA-B328-4C67-BE8A-78D8AA710D4E}.Release|x64.ActiveCfg = Release|x64
		{2BBE25EA-B328-4C67-BE8A-78D8AA710D4E}.Release|x64.Build.0 = Release|x64
		{2BBE25EA-B328-4C67-BE8A-78D8AA710D4E}.Release|x86.ActiveCfg = Release|Win32
		{2BBE25EA-B328-4C67-BE8A-78D8AA710D4E}.Release|x86.Build.0 = Release|Win32
		{8B57E6E5-5F29-4D24-BC24-8046E981D0FE}.Debug|x64.ActiveCfg = Debug|x64
		{8B57E6E5-5F29-4D24-BC24-8046E981D0FE}.Debug|x64.Build.0 = Debug|x64
		{8B57E6E5-5F29-4D24-BC24-8046E981D0FE}.Debug|x86.ActiveCfg = Debug|Win32
		{8B57E6E5-5F29-4D24-BC24-8046E981D0FE}.Debug|x86.Build.0 = Debug|Win32
		{8B57E6E5-5F29-4D24-BC24-8046E981D0FE}.Release|x64.ActiveCfg = Release|x64
		{8B57E6E5-5F29-4D24-BC24-8046E981D0FE}.Release|x64.Build.0 = Release|x64
		{8B57E6E5-5F29-4D24-BC24-8046E981D0FE}.Release|x86.ActiveCfg = Release|Win32
		{8B57E6E5-5F29-4D24-BC24-8046E981D0FE}.Release|x86.Build.0 = Release|Win32
		{034D3167-4FA2-4801-BE0E-7034EBF42B4E}.Debug|x64.ActiveCfg = Debug|x64
		{034D3167-4FA2-4801-BE0E-7034EBF42B4E}.Debug|x64.Build.0 = Debug|x64
		{034D3167-4FA2-4801-BE0E-7034EBF42B4E}.Debug|x86.ActiveCfg = Debug|Win32
		{034D3167-4FA2-4801-BE0E-7034EBF42B4E}.Debug|x86.Build.0 = Debug|Win32
		{034D3167-4FA2-4801-BE0E-7034EBF42B4E}.Release|x64.ActiveCfg = Release|x64
		{034D3167-4FA2-4801-BE0E-7034EBF42B4E}.Release|x64.Build.0 = Release|x64
		{034D3167-4FA2-4801-BE0E-7034EBF42B4E}.Release|x86.ActiveCfg = Release|Win32
		{034D3167-4FA2-4801-BE0E-7034EBF42B4E}.Release|x86.Build.0 = Release|Win32
	EndGlobalSection
	GlobalSection(SolutionProperties) = preSolution
		HideSolutionNode = FALSE
	EndGlobalSection
EndGlobal
